
Microsoft Visual Studio Solution File, Format Version 12.00
# 
Project("{FAE04EC0-301F-11D3-BF4B-00C04F79EFBC}") = "ThreatDetectionSystem", "ThreatDetectionSystem\ThreatDetectionSystem.csproj", "{370F0A33-2964-4D1B-85B7-71FC4CA6F47D}"
EndProject
Project("{FAE04EC0-301F-11D3-BF4B-00C04F79EFBC}") = "Domain_Layer", "Domain_Layer\Domain_Layer.csproj", "{084B3A9F-1180-4967-A2CD-2C44D55E5DE2}"
EndProject
Project("{FAE04EC0-301F-11D3-BF4B-00C04F79EFBC}") = "Services_Layer", "Services_Layer\Services_Layer.csproj", "{0F87C5CF-393A-444B-840E-80D06C75A134}"
EndProject
Project("{FAE04EC0-301F-11D3-BF4B-00C04F79EFBC}") = "ServiceAbstraction_Layer", "ServiceAbstraction_Layer\ServiceAbstraction_Layer.csproj", "{37AD704D-93F3-4521-8993-FDF4214AEFF0}"
EndProject
Global
	GlobalSection(SolutionConfigurationPlatforms) = preSolution
		Debug|Any CPU = Debug|Any CPU
		Release|Any CPU = Release|Any CPU
	EndGlobalSection
	GlobalSection(ProjectConfigurationPlatforms) = postSolution
		{370F0A33-2964-4D1B-85B7-71FC4CA6F47D}.Debug|Any CPU.ActiveCfg = Debug|Any CPU
		{370F0A33-2964-4D1B-85B7-71FC4CA6F47D}.Debug|Any CPU.Build.0 = Debug|Any CPU
		{370F0A33-2964-4D1B-85B7-71FC4CA6F47D}.Release|Any CPU.ActiveCfg = Release|Any CPU
		{370F0A33-2964-4D1B-85B7-71FC4CA6F47D}.Release|Any CPU.Build.0 = Release|Any CPU
		{084B3A9F-1180-4967-A2CD-2C44D55E5DE2}.Debug|Any CPU.ActiveCfg = Debug|Any CPU
		{084B3A9F-1180-4967-A2CD-2C44D55E5DE2}.Debug|Any CPU.Build.0 = Debug|Any CPU
		{084B3A9F-1180-4967-A2CD-2C44D55E5DE2}.Release|Any CPU.ActiveCfg = Release|Any CPU
		{084B3A9F-1180-4967-A2CD-2C44D55E5DE2}.Release|Any CPU.Build.0 = Release|Any CPU
		{0F87C5CF-393A-444B-840E-80D06C75A134}.Debug|Any CPU.ActiveCfg = Debug|Any CPU
		{0F87C5CF-393A-444B-840E-80D06C75A134}.Debug|Any CPU.Build.0 = Debug|Any CPU
		{0F87C5CF-393A-444B-840E-80D06C75A134}.Release|Any CPU.ActiveCfg = Release|Any CPU
		{0F87C5CF-393A-444B-840E-80D06C75A134}.Release|Any CPU.Build.0 = Release|Any CPU
		{37AD704D-93F3-4521-8993-FDF4214AEFF0}.Debug|Any CPU.ActiveCfg = Debug|Any CPU
		{37AD704D-93F3-4521-8993-FDF4214AEFF0}.Debug|Any CPU.Build.0 = Debug|Any CPU
		{37AD704D-93F3-4521-8993-FDF4214AEFF0}.Release|Any CPU.ActiveCfg = Release|Any CPU
		{37AD704D-93F3-4521-8993-FDF4214AEFF0}.Release|Any CPU.Build.0 = Release|Any CPU
	EndGlobalSection
EndGlobal
